Microsoft Visual Studio Solution File, Format Version 12.00
# Visual Studio Version 17
VisualStudioVersion = 17.5.2.0
MinimumVisualStudioVersion = 10.0.40219.1
Project("{FAE04EC0-301F-11D3-BF4B-00C04F79EFBC}") = "GeometryGuru", "GeometryGuru.csproj", "{D03D8164-0BA8-3877-68AA-6F3D3274B0CE}"
EndProject
Global
	GlobalSection(SolutionConfigurationPlatforms) = preSolution
		Debug|Any CPU = Debug|Any CPU
		Release|Any CPU = Release|Any CPU
	EndGlobalSection
	GlobalSection(ProjectConfigurationPlatforms) = postSolution
		{D03D8164-0BA8-3877-68AA-6F3D3274B0CE}.Debug|Any CPU.ActiveCfg = Debug|Any CPU
		{D03D8164-0BA8-3877-68AA-6F3D3274B0CE}.Debug|Any CPU.Build.0 = Debug|Any CPU
		{D03D8164-0BA8-3877-68AA-6F3D3274B0CE}.Release|Any CPU.ActiveCfg = Release|Any CPU
		{D03D8164-0BA8-3877-68AA-6F3D3274B0CE}.Release|Any CPU.Build.0 = Release|Any CPU
	EndGlobalSection
	GlobalSection(SolutionProperties) = preSolution
		HideSolutionNode = FALSE
	EndGlobalSection
	GlobalSection(ExtensibilityGlobals) = postSolution
		SolutionGuid = {98C94915-35D7-45DF-A390-B05CC477C876}
	EndGlobalSection
EndGlobal
